
Microsoft Visual Studio Solution File, Format Version 12.00
# Visual Studio Version 16
VisualStudioVersion = 16.0.31729.503
MinimumVisualStudioVersion = 10.0.40219.1
Project("{FAE04EC0-301F-11D3-BF4B-00C04F79EFBC}") = "HastaneOtomasyon", "HastaneOtomasyon\HastaneOtomasyon.csproj", "{2E0BEBFB-5CD6-4F3F-8071-4F1C91A7F3FE}"
EndProject
Global
	GlobalSection(SolutionConfigurationPlatforms) = preSolution
		Debug|Any CPU = Debug|Any CPU
		Release|Any CPU = Release|Any CPU
	EndGlobalSection
	GlobalSection(ProjectConfigurationPlatforms) = postSolution
		{2E0BEBFB-5CD6-4F3F-8071-4F1C91A7F3FE}.Debug|Any CPU.ActiveCfg = Debug|Any CPU
		{2E0BEBFB-5CD6-4F3F-8071-4F1C91A7F3FE}.Debug|Any CPU.Build.0 = Debug|Any CPU
		{2E0BEBFB-5CD6-4F3F-8071-4F1C91A7F3FE}.Release|Any CPU.ActiveCfg = Release|Any CPU
		{2E0BEBFB-5CD6-4F3F-8071-4F1C91A7F3FE}.Release|Any CPU.Build.0 = Release|Any CPU
	EndGlobalSection
	GlobalSection(SolutionProperties) = preSolution
		HideSolutionNode = FALSE
	EndGlobalSection
	GlobalSection(ExtensibilityGlobals) = postSolution
		SolutionGuid = {19F7275B-5359-4666-89EA-9FEFCE2C13A9}
	EndGlobalSection
EndGlobal
